{
  "requires": true,
  "lockfileVersion": 1,
  "dependencies": {
    "accessory": {
      "version": "1.1.0",
      "resolved": "https://registry.npmjs.org/accessory/-/accessory-1.1.0.tgz",
      "integrity": "sha512-DlgiZ+jTuCIZLURquQhOfclRvPu6gQKgOzr9wAiZtjWYjd1lMK8Hr6XXEDWuEAxpTWEccgn6YVREJ6C7fhvrww==",
      "requires": {
        "ap": "~0.2.0",
        "balanced-match": "~0.2.0",
        "dot-parts": "~1.0.0"
      }
    },
    "acorn": {
      "version": "5.7.4",
      "resolved": "https://registry.npmjs.org/acorn/-/acorn-5.7.4.tgz",
      "integrity": "sha512-1D++VG7BhrtvQpNbBzovKNc1FLGGEE/oGe7b9xJm/RFHMBeUaUGpluV9RLjZa47YFdPcDAenEYuq9pQPcMdLJg=="
    },
    "amdefine": {
      "version": "1.0.1",
      "resolved": "https://registry.npmjs.org/amdefine/-/amdefine-1.0.1.tgz",
      "integrity": "sha512-S2Hw0TtNkMJhIabBwIojKL9YHO5T0n5eNqWJ7Lrlel/zDbftQpxpapi8tZs3X1HWa+u+QeydGmzzNU0m09+Rcg==",
      "optional": true
    },
    "ap": {
      "version": "0.2.0",
      "resolved": "https://registry.npmjs.org/ap/-/ap-0.2.0.tgz",
      "integrity": "sha512-ImdvquIuBSVpWRWhB441UjvTcZqic1RL+lTQaUKGdGEp1aiTvt/phAvY8Vvs32qya5FJBI8U+tzNBYzFDQY/lQ=="
    },
    "balanced-match": {
      "version": "0.2.1",
      "resolved": "https://registry.npmjs.org/balanced-match/-/balanced-match-0.2.1.tgz",
      "integrity": "sha512-euSOvfze1jPOf85KQOmZ2UcWDJ/dUJukTJdj4o9ZZLyjl7IjdIyE4fAQRSuGrxAjB9nvvvrl4N3bPtRq+W+SyQ=="
    },
    "bbox-intersect": {
      "version": "0.1.2",
      "resolved": "https://registry.npmjs.org/bbox-intersect/-/bbox-intersect-0.1.2.tgz",
      "integrity": "sha512-78SKmM2kbBsSQkKJYwDef+7FGPDMB605kflt+QrmBI63uX2Heq9SdUWe+pm1tPDntosgzvbznBh4FmX27oiXOA=="
    },
    "browserify-shim": {
      "version": "3.8.16",
      "resolved": "https://registry.npmjs.org/browserify-shim/-/browserify-shim-3.8.16.tgz",
      "integrity": "sha512-+Ap0xOKUC5Hz8sdUROxCJHgzA5IeU7pgUquCdlbBxyxkexzU4kpU6u1TsIvnFJcdx1bxO902J08AEjbMqDbA3g==",
      "requires": {
        "exposify": "~0.5.0",
        "mothership": "~0.3.0",
        "rename-function-calls": "~0.1.0",
        "resolve": "~0.6.1",
        "through": "~2.3.4"
      }
    },
    "core-util-is": {
      "version": "1.0.3",
      "resolved": "https://registry.npmjs.org/core-util-is/-/core-util-is-1.0.3.tgz",
      "integrity": "sha512-ZQBvi1DcpJ4GDqanjucZ2Hj3wEO5pZDS89BWbkcrvdxksJorwUDDZamX9ldFkp9aw2lmBDLgkObEA4DWNJ9FYQ=="
    },
    "defined": {
      "version": "1.0.1",
      "resolved": "https://registry.npmjs.org/defined/-/defined-1.0.1.tgz",
      "integrity": "sha512-hsBd2qSVCRE+5PmNdHt1uzyrFu5d3RwmFDKzyNZMFq/EwDNJF7Ee5+D5oEKF0hU6LhtoUF1macFvOe4AskQC1Q=="
    },
    "detective": {
      "version": "4.7.1",
      "resolved": "https://registry.npmjs.org/detective/-/detective-4.7.1.tgz",
      "integrity": "sha512-H6PmeeUcZloWtdt4DAkFyzFL94arpHr3NOwwmVILFiy+9Qd4JTxxXrzfyGk/lmct2qVGBwTSwSXagqu2BxmWig==",
      "requires": {
        "acorn": "^5.2.1",
        "defined": "^1.0.0"
      }
    },
    "dot-parts": {
      "version": "1.0.1",
      "resolved": "https://registry.npmjs.org/dot-parts/-/dot-parts-1.0.1.tgz",
      "integrity": "sha512-DcAuaZ2hguFLkxrAwOlvYNFb4IE6xg1Ldzqpma4/UeiT0utd8/E17z1h9mH8s+9Hwh7SeLn83LpIykh/oBBxSw=="
    },
    "escape-string-regexp": {
      "version": "1.0.5",
      "resolved": "https://registry.npmjs.org/escape-string-regexp/-/escape-string-regexp-1.0.5.tgz",
      "integrity": "sha512-vbRorB5FUQWvla16U8R/qgaFIya2qGzwDrNmCZuYKrbdSUMG6I1ZCGQRefkRVhuOkIGVne7BQ35DSfo1qvJqFg=="
    },
    "escodegen": {
      "version": "1.1.0",
      "resolved": "https://registry.npmjs.org/escodegen/-/escodegen-1.1.0.tgz",
      "integrity": "sha512-md+WjA8K+DJELEYe0n4XAOE0XbUYfw2rzb8T+nhZ19OnQxlh+0jMLS6d+z2oqWugIh3uYKu1+KJh6QKeoogLzg==",
      "requires": {
        "esprima": "~1.0.4",
        "estraverse": "~1.5.0",
        "esutils": "~1.0.0",
        "source-map": "~0.1.30"
      },
      "dependencies": {
        "esprima": {
          "version": "1.0.4",
          "resolved": "https://registry.npmjs.org/esprima/-/esprima-1.0.4.tgz",
          "integrity": "sha512-rp5dMKN8zEs9dfi9g0X1ClLmV//WRyk/R15mppFNICIFRG5P92VP7Z04p8pk++gABo9W2tY+kHyu6P1mEHgmTA=="
        }
      }
    },
    "esprima-fb": {
      "version": "3001.1.0-dev-harmony-fb",
      "resolved": "https://registry.npmjs.org/esprima-fb/-/esprima-fb-3001.0001.0000-dev-harmony-fb.tgz",
      "integrity": "sha512-a3RFiCVBiy8KdO6q/C+8BQiP/sRk8XshBU3QHHDP8tNzjYwR3FKBOImu+PXfVhPoZL0JKtJLBAOWlDMCCFY8SQ=="
    },
    "estraverse": {
      "version": "1.5.1",
      "resolved": "https://registry.npmjs.org/estraverse/-/estraverse-1.5.1.tgz",
      "integrity": "sha512-FpCjJDfmo3vsc/1zKSeqR5k42tcIhxFIlvq+h9j0fO2q/h2uLKyweq7rYJ+0CoVvrGQOxIS5wyBrW/+vF58BUQ=="
    },
    "esutils": {
      "version": "1.0.0",
      "resolved": "https://registry.npmjs.org/esutils/-/esutils-1.0.0.tgz",
      "integrity": "sha512-x/iYH53X3quDwfHRz4y8rn4XcEwwCJeWsul9pF1zldMbGtgOtMNBEOuYWwB1EQlK2LRa1fev3YAgym/RElp5Cg=="
    },
    "exposify": {
      "version": "0.5.0",
      "resolved": "https://registry.npmjs.org/exposify/-/exposify-0.5.0.tgz",
      "integrity": "sha512-SXS1oEW6VXYinz7RbTPUj+RhO3ZXuj2cmUTWTaO8KcWMcxLZF3wzjqSuaOW0EZYBoKooUM8DIkvfWWOMXTMQFQ==",
      "requires": {
        "globo": "~1.1.0",
        "map-obj": "~1.0.1",
        "replace-requires": "~1.0.3",
        "through2": "~0.4.0",
        "transformify": "~0.1.1"
      }
    },
    "fetch-jsonp": {
      "version": "1.2.3",
      "resolved": "https://registry.npmjs.org/fetch-jsonp/-/fetch-jsonp-1.2.3.tgz",
      "integrity": "sha512-C13k1o7R9JTN1wmhKkrW5bU/00LwixXnkufQUR6Rbf4KCS0i8mycQaovt4WVbHnA2NKgi7Ryp9Whpy/CGcij6Q=="
    },
    "find-parent-dir": {
      "version": "0.3.1",
      "resolved": "https://registry.npmjs.org/find-parent-dir/-/find-parent-dir-0.3.1.tgz",
      "integrity": "sha512-o4UcykWV/XN9wm+jMEtWLPlV8RXCZnMhQI6F6OdHeSez7iiJWePw8ijOlskJZMsaQoGR/b7dH6lO02HhaTN7+A=="
    },
    "globo": {
      "version": "1.1.0",
      "resolved": "https://registry.npmjs.org/globo/-/globo-1.1.0.tgz",
      "integrity": "sha512-9kacJpRuOo2IPxzYdogGZKnREZXMLs7P2/gaeHxynuL7kmxdB9o4EVtpd69f81CeUFWmZSxj1heZFEXQDTkaLQ==",
      "requires": {
        "accessory": "~1.1.0",
        "is-defined": "~1.0.0",
        "ternary": "~1.0.0"
      }
    },
    "has-require": {
      "version": "1.2.2",
      "resolved": "https://registry.npmjs.org/has-require/-/has-require-1.2.2.tgz",
      "integrity": "sha512-JHMVoV2TG3LEFw/8UjxXJzCRGdOHJzzAXft7BafERh2rdPYZcS5N6Twv7Q8yLy9mciKsVBkXmpWSuLp5GUXNng==",
      "requires": {
        "escape-string-regexp": "^1.0.3"
      }
    },
    "inherits": {
      "version": "2.0.4",
      "resolved": "https://registry.npmjs.org/inherits/-/inherits-2.0.4.tgz",
      "integrity": "sha512-k/vGaX4/Yla3WzyMCvTQOXYeIHvqOKtnqBduzTHpzpQZzAskKMhZ2K+EnBiSM9zGSoIFeMpXKxa4dYeZIQqewQ=="
    },
    "is-defined": {
      "version": "1.0.0",
      "resolved": "https://registry.npmjs.org/is-defined/-/is-defined-1.0.0.tgz",
      "integrity": "sha512-/drGiPCBGsJDhtnLkdcNl8QtEo9ddV10m0Y7wzkopIQM4u91wXhe84pZSH6RLukO2uJDtQoaAr1XoP0ilwsYzg=="
    },
    "isarray": {
      "version": "0.0.1",
      "resolved": "https://registry.npmjs.org/isarray/-/isarray-0.0.1.tgz",
      "integrity": "sha512-D2S+3GLxWH+uhrNEcoh/fnmYeP8E8/zHl644d/jdA0g2uyXvy3sb0qxotE+ne0LtccHknQzWwZEzhak7oJ0COQ=="
    },
    "leaflet": {
      "version": "1.9.2",
      "resolved": "https://registry.npmjs.org/leaflet/-/leaflet-1.9.2.tgz",
      "integrity": "sha512-Kc77HQvWO+y9y2oIs3dn5h5sy2kr3j41ewdqCMEUA4N89lgfUUfOBy7wnnHEstDpefiGFObq12FdopGRMx4J7g=="
    },
    "leaflet-bing-layer": {
      "version": "3.3.1",
      "resolved": "https://registry.npmjs.org/leaflet-bing-layer/-/leaflet-bing-layer-3.3.1.tgz",
      "integrity": "sha512-xrmIxMyyQmFi13PXZcfSoot8evjV8qwzF/8LvObeLDT6qozfZFBs4QV+mOR1O2OsXpM1+EBrBBPNk2QbYN9kJA==",
      "requires": {
        "bbox-intersect": "^0.1.1",
        "browserify-shim": "^3.8.11",
        "fetch-jsonp": "^1.0.0",
        "leaflet": "^1.0.0-beta.2"
      }
    },
    "map-obj": {
      "version": "1.0.1",
      "resolved": "https://registry.npmjs.org/map-obj/-/map-obj-1.0.1.tgz",
      "integrity": "sha512-7N/q3lyZ+LVCp7PzuxrJr4KMbBE2hW7BT7YNia330OFxIf4d3r5zVpicP2650l7CPN6RM9zOJRl3NGpqSiw3Eg=="
    },
    "mothership": {
      "version": "0.3.0",
      "resolved": "https://registry.npmjs.org/mothership/-/mothership-0.3.0.tgz",
      "integrity": "sha512-/ORGXVhkG5Qal0ZD3BnxG/JtMcCJKOn7FkbbTA8N9HwJyXGsBYq9EXH7WbsRCpGUwmwrpQqN6ENLUL+ebmNTCQ==",
      "requires": {
        "find-parent-dir": "~0.3.0"
      }
    },
    "object-keys": {
      "version": "0.4.0",
      "resolved": "https://registry.npmjs.org/object-keys/-/object-keys-0.4.0.tgz",
      "integrity": "sha512-ncrLw+X55z7bkl5PnUvHwFK9FcGuFYo9gtjws2XtSzL+aZ8tm830P60WJ0dSmFVaSalWieW5MD7kEdnXda9yJw=="
    },
    "patch-text": {
      "version": "1.0.2",
      "resolved": "https://registry.npmjs.org/patch-text/-/patch-text-1.0.2.tgz",
      "integrity": "sha512-r1P+pfiTgWrsMOk/aW64RGv0oLjdyP0LeaLv2dF+iUfaVLqicXRi2dkjGYDgQ/kHVYm4z4GEHnx36Q6uqiFNlA=="
    },
    "readable-stream": {
      "version": "1.0.34",
      "resolved": "https://registry.npmjs.org/readable-stream/-/readable-stream-1.0.34.tgz",
      "integrity": "sha512-ok1qVCJuRkNmvebYikljxJA/UEsKwLl2nI1OmaqAu4/UE+h0wKCHok4XkL/gvi39OacXvw59RJUOFUkDib2rHg==",
      "requires": {
        "core-util-is": "~1.0.0",
        "inherits": "~2.0.1",
        "isarray": "0.0.1",
        "string_decoder": "~0.10.x"
      }
    },
    "rename-function-calls": {
      "version": "0.1.1",
      "resolved": "https://registry.npmjs.org/rename-function-calls/-/rename-function-calls-0.1.1.tgz",
      "integrity": "sha512-F+z4csKBo6gw4y5vhIbOhG+UcZVWNh42fW35dagdFP74YrY4ET932NTZZEimMdJz8Efha73caz/OFGxt1vReOA==",
      "requires": {
        "detective": "~3.1.0"
      },
      "dependencies": {
        "detective": {
          "version": "3.1.0",
          "resolved": "https://registry.npmjs.org/detective/-/detective-3.1.0.tgz",
          "integrity": "sha512-BIvQHuiVSRMufK1OnlpeAzVqF2yXD75ZzYIx8XV4VQiJ48chF/MMYAdsz/NkulhZznwb4fAX8vyi5CUc24I2BA==",
          "requires": {
            "escodegen": "~1.1.0",
            "esprima-fb": "3001.1.0-dev-harmony-fb"
          }
        }
      }
    },
    "replace-requires": {
      "version": "1.0.4",
      "resolved": "https://registry.npmjs.org/replace-requires/-/replace-requires-1.0.4.tgz",
      "integrity": "sha512-9PpQ4IWrhJ+waLnakqT26sOIFW8SPTWZ/aEmz35Pq1V1k1A352nYDTkbhznTGUmYS2MsC0ULJ+2vChstBTxKRw==",
      "requires": {
        "detective": "^4.5.0",
        "has-require": "~1.2.1",
        "patch-text": "~1.0.2",
        "xtend": "~4.0.0"
      }
    },
    "resolve": {
      "version": "0.6.3",
      "resolved": "https://registry.npmjs.org/resolve/-/resolve-0.6.3.tgz",
      "integrity": "sha512-UHBY3viPlJKf85YijDUcikKX6tmF4SokIDp518ZDVT92JNDcG5uKIthaT/owt3Sar0lwtOafsQuwrg22/v2Dwg=="
    },
    "source-map": {
      "version": "0.1.43",
      "resolved": "https://registry.npmjs.org/source-map/-/source-map-0.1.43.tgz",
      "integrity": "sha512-VtCvB9SIQhk3aF6h+N85EaqIaBFIAfZ9Cu+NJHHVvc8BbEcnvDcFw6sqQ2dQrT6SlOrZq3tIvyD9+EGq/lJryQ==",
      "optional": true,
      "requires": {
        "amdefine": ">=0.0.4"
      }
    },
    "string_decoder": {
      "version": "0.10.31",
      "resolved": "https://registry.npmjs.org/string_decoder/-/string_decoder-0.10.31.tgz",
      "integrity": "sha512-ev2QzSzWPYmy9GuqfIVildA4OdcGLeFZQrq5ys6RtiuF+RQQiZWr8TZNyAcuVXyQRYfEO+MsoB/1BuQVhOJuoQ=="
    },
    "ternary": {
      "version": "1.0.0",
      "resolved": "https://registry.npmjs.org/ternary/-/ternary-1.0.0.tgz",
      "integrity": "sha512-/e+OUAGiEqytNLXnDfFkuel0N0y9IGkmvuGIPkirI+zv0dx/jPvUZ2l8qV6KYk8lmmLrAqk4iLJtRduUA6AUKw=="
    },
    "through": {
      "version": "2.3.8",
      "resolved": "https://registry.npmjs.org/through/-/through-2.3.8.tgz",
      "integrity": "sha512-w89qg7PI8wAdvX60bMDP+bFoD5Dvhm9oLheFp5O4a2QF0cSBGsBX4qZmadPMvVqlLJBBci+WqGGOAPvcDeNSVg=="
    },
    "through2": {
      "version": "0.4.2",
      "resolved": "https://registry.npmjs.org/through2/-/through2-0.4.2.tgz",
      "integrity": "sha512-45Llu+EwHKtAZYTPPVn3XZHBgakWMN3rokhEv5hu596XP+cNgplMg+Gj+1nmAvj+L0K7+N49zBKx5rah5u0QIQ==",
      "requires": {
        "readable-stream": "~1.0.17",
        "xtend": "~2.1.1"
      },
      "dependencies": {
        "xtend": {
          "version": "2.1.2",
          "resolved": "https://registry.npmjs.org/xtend/-/xtend-2.1.2.tgz",
          "integrity": "sha512-vMNKzr2rHP9Dp/e1NQFnLQlwlhp9L/LfvnsVdHxN1f+uggyVI3i08uD14GPvCToPkdsRfyPqIyYGmIk58V98ZQ==",
          "requires": {
            "object-keys": "~0.4.0"
          }
        }
      }
    },
    "transformify": {
      "version": "0.1.2",
      "resolved": "https://registry.npmjs.org/transformify/-/transformify-0.1.2.tgz",
      "integrity": "sha512-BUZAqCslm5pVXExA8PfXcvp7exsUNqRcNzx+KXj3Bv0oMROqnAt4bvs9U8Z2wVPa40NvLWJ/oswN0kreNFxBUg==",
      "requires": {
        "readable-stream": "~1.1.9"
      },
      "dependencies": {
        "readable-stream": {
          "version": "1.1.14",
          "resolved": "https://registry.npmjs.org/readable-stream/-/readable-stream-1.1.14.tgz",
          "integrity": "sha512-+MeVjFf4L44XUkhM1eYbD8fyEsxcV81pqMSR5gblfcLCHfZvbrqy4/qYHE+/R5HoBUT11WV5O08Cr1n3YXkWVQ==",
          "requires": {
            "core-util-is": "~1.0.0",
            "inherits": "~2.0.1",
            "isarray": "0.0.1",
            "string_decoder": "~0.10.x"
          }
        }
      }
    },
    "typescript": {
      "version": "4.8.4",
      "resolved": "https://registry.npmjs.org/typescript/-/typescript-4.8.4.tgz",
      "integrity": "sha512-QCh+85mCy+h0IGff8r5XWzOVSbBO+KfeYrMQh7NJ58QujwcE22u+NUSmUxqF+un70P9GXKxa2HCNiTTMJknyjQ=="
    },
    "xtend": {
      "version": "4.0.2",
      "resolved": "https://registry.npmjs.org/xtend/-/xtend-4.0.2.tgz",
      "integrity": "sha512-LKYU1iAXJXUgAXn9URjiu+MWhyUXHsvfp7mcuYm9dSUKK0/CjtrUwFAxD82/mCWbtLsGjFIad0wIsod4zrTAEQ=="
    }
  }
}
